
Microsoft Visual Studio Solution File, Format Version 12.00
# Visual Studio Version 17
VisualStudioVersion = 17.14.37216.2
MinimumVisualStudioVersion = 10.0.40219.1
Project("{FAE04EC0-301F-11D3-BF4B-00C04F79EFBC}") = "JulesClient", "JulesClient.csproj", "{8B0FBAEC-7992-3549-F21F-62727CFF584B}"
EndProject
Project("{FAE04EC0-301F-11D3-BF4B-00C04F79EFBC}") = "JulesClient.Tests", "JulesClient.Tests\JulesClient.Tests.csproj", "{1600FEC4-27DB-45B5-A397-6765DC7F7438}"
EndProject
Global
	GlobalSection(SolutionConfigurationPlatforms) = preSolution
		Debug|x64 = Debug|x64
		Release|x64 = Release|x64
	EndGlobalSection
	GlobalSection(ProjectConfigurationPlatforms) = postSolution
		{8B0FBAEC-7992-3549-F21F-62727CFF584B}.Debug|x64.ActiveCfg = Debug|x64
		{8B0FBAEC-7992-3549-F21F-62727CFF584B}.Debug|x64.Build.0 = Debug|x64
		{8B0FBAEC-7992-3549-F21F-62727CFF584B}.Debug|x64.Deploy.0 = Debug|x64
		{8B0FBAEC-7992-3549-F21F-62727CFF584B}.Release|x64.ActiveCfg = Release|x64
		{8B0FBAEC-7992-3549-F21F-62727CFF584B}.Release|x64.Build.0 = Release|x64
		{1600FEC4-27DB-45B5-A397-6765DC7F7438}.Debug|x64.ActiveCfg = Debug|Any CPU
		{1600FEC4-27DB-45B5-A397-6765DC7F7438}.Debug|x64.Build.0 = Debug|Any CPU
		{1600FEC4-27DB-45B5-A397-6765DC7F7438}.Release|x64.ActiveCfg = Release|Any CPU
		{1600FEC4-27DB-45B5-A397-6765DC7F7438}.Release|x64.Build.0 = Release|Any CPU
	EndGlobalSection
	GlobalSection(SolutionProperties) = preSolution
		HideSolutionNode = FALSE
	EndGlobalSection
	GlobalSection(ExtensibilityGlobals) = postSolution
		SolutionGuid = {793DF65F-B00A-4C37-83A3-6745E8D8C73C}
	EndGlobalSection
EndGlobal
